// !$*UTF8*$!
{
	archiveVersion = 1;
	classes = {
	};
	objectVersion = 50;
	objects = {

/* Begin PBXBuildFile section */
		84D44E142563F493009CA9DA /* NewsFeedApp.swift in Sources */ = {isa = PBXBuildFile; fileRef = 84D44E132563F493009CA9DA /* NewsFeedApp.swift */; };
		84D44E162563F493009CA9DA /* ContentView.swift in Sources */ = {isa = PBXBuildFile; fileRef = 84D44E152563F493009CA9DA /* ContentView.swift */; };
		84D44E182563F496009CA9DA /* Assets.xcassets in Resources */ = {isa = PBXBuildFile; fileRef = 84D44E172563F496009CA9DA /* Assets.xcassets */; };
		84D44E1B2563F496009CA9DA /* Preview Assets.xcassets in Resources */ = {isa = PBXBuildFile; fileRef = 84D44E1A2563F496009CA9DA /* Preview Assets.xcassets */; };
		84D44E242563F4E0009CA9DA /* NewsRow.swift in Sources */ = {isa = PBXBuildFile; fileRef = 84D44E232563F4E0009CA9DA /* NewsRow.swift */; };
		84D44E272563F503009CA9DA /* NewsDetailed.swift in Sources */ = {isa = PBXBuildFile; fileRef = 84D44E262563F503009CA9DA /* NewsDetailed.swift */; };
		84D44E2A2563F527009CA9DA /* ViewModel.swift in Sources */ = {isa = PBXBuildFile; fileRef = 84D44E292563F527009CA9DA /* ViewModel.swift */; };
		84D44E2D2563F548009CA9DA /* ListViewModel.swift in Sources */ = {isa = PBXBuildFile; fileRef = 84D44E2C2563F548009CA9DA /* ListViewModel.swift */; };
		84D44E302563F563009CA9DA /* NetworkService.swift in Sources */ = {isa = PBXBuildFile; fileRef = 84D44E2F2563F563009CA9DA /* NetworkService.swift */; };
		84D44E332563F591009CA9DA /* JSONModel.swift in Sources */ = {isa = PBXBuildFile; fileRef = 84D44E322563F591009CA9DA /* JSONModel.swift */; };
/* End PBXBuildFile section */

/* Begin PBXFileReference section */
		84D44E102563F493009CA9DA /* NewsFeed.app */ = {isa = PBXFileReference; explicitFileType = wrapper.application; includeInIndex = 0; path = NewsFeed.app; sourceTree = BUILT_PRODUCTS_DIR; };
		84D44E132563F493009CA9DA /* NewsFeedApp.swift */ = {isa = PBXFileReference; lastKnownFileType = sourcecode.swift; path = NewsFeedApp.swift; sourceTree = "<group>"; };
		84D44E152563F493009CA9DA /* ContentView.swift */ = {isa = PBXFileReference; lastKnownFileType = sourcecode.swift; path = ContentView.swift; sourceTree = "<group>"; };
		84D44E172563F496009CA9DA /* Assets.xcassets */ = {isa = PBXFileReference; lastKnownFileType = folder.assetcatalog; path = Assets.xcassets; sourceTree = "<group>"; };
		84D44E1A2563F496009CA9DA /* Preview Assets.xcassets */ = {isa = PBXFileReference; lastKnownFileType = folder.assetcatalog; path = "Preview Assets.xcassets"; sourceTree = "<group>"; };
		84D44E1C2563F496009CA9DA /* Info.plist */ = {isa = PBXFileReference; lastKnownFileType = text.plist.xml; path = Info.plist; sourceTree = "<group>"; };
		84D44E232563F4E0009CA9DA /* NewsRow.swift */ = {isa = PBXFileReference; lastKnownFileType = sourcecode.swift; path = NewsRow.swift; sourceTree = "<group>"; };
		84D44E262563F503009CA9DA /* NewsDetailed.swift */ = {isa = PBXFileReference; lastKnownFileType = sourcecode.swift; path = NewsDetailed.swift; sourceTree = "<group>"; };
		84D44E292563F527009CA9DA /* ViewModel.swift */ = {isa = PBXFileReference; lastKnownFileType = sourcecode.swift; path = ViewModel.swift; sourceTree = "<group>"; };
		84D44E2C2563F548009CA9DA /* ListViewModel.swift */ = {isa = PBXFileReference; lastKnownFileType = sourcecode.swift; path = ListViewModel.swift; sourceTree = "<group>"; };
		84D44E2F2563F563009CA9DA /* NetworkService.swift */ = {isa = PBXFileReference; lastKnownFileType = sourcecode.swift; path = NetworkService.swift; sourceTree = "<group>"; };
		84D44E322563F591009CA9DA /* JSONModel.swift */ = {isa = PBXFileReference; lastKnownFileType = sourcecode.swift; path = JSONModel.swift; sourceTree = "<group>"; };
/* End PBXFileReference section */

/* Begin PBXFrameworksBuildPhase section */
		84D44E0D2563F493009CA9DA /* Frameworks */ = {
			isa = PBXFrameworksBuildPhase;
			buildActionMask = 2147483647;
			files = (
			);
			runOnlyForDeploymentPostprocessing = 0;
		};
/* End PBXFrameworksBuildPhase section */

/* Begin PBXGroup section */
		84D44E072563F493009CA9DA = {
			isa = PBXGroup;
			children = (
				84D44E122563F493009CA9DA /* NewsFeed */,
				84D44E112563F493009CA9DA /* Products */,
			);
			sourceTree = "<group>";
		};
		84D44E112563F493009CA9DA /* Products */ = {
			isa = PBXGroup;
			children = (
				84D44E102563F493009CA9DA /* NewsFeed.app */,
			);
			name = Products;
			sourceTree = "<group>";
		};
		84D44E122563F493009CA9DA /* NewsFeed */ = {
			isa = PBXGroup;
			children = (
				84D44E132563F493009CA9DA /* NewsFeedApp.swift */,
				84D44E152563F493009CA9DA /* ContentView.swift */,
				84D44E232563F4E0009CA9DA /* NewsRow.swift */,
				84D44E262563F503009CA9DA /* NewsDetailed.swift */,
				84D44E352563F6BC009CA9DA /* View */,
				84D44E382563F6D1009CA9DA /* Data */,
				84D44E172563F496009CA9DA /* Assets.xcassets */,
				84D44E1C2563F496009CA9DA /* Info.plist */,
				84D44E192563F496009CA9DA /* Preview Content */,
			);
			path = NewsFeed;
			sourceTree = "<group>";
		};
		84D44E192563F496009CA9DA /* Preview Content */ = {
			isa = PBXGroup;
			children = (
				84D44E1A2563F496009CA9DA /* Preview Assets.xcassets */,
			);
			path = "Preview Content";
			sourceTree = "<group>";
		};
		84D44E352563F6BC009CA9DA /* View */ = {
			isa = PBXGroup;
			children = (
				84D44E292563F527009CA9DA /* ViewModel.swift */,
				84D44E2C2563F548009CA9DA /* ListViewModel.swift */,
			);
			path = View;
			sourceTree = "<group>";
		};
		84D44E382563F6D1009CA9DA /* Data */ = {
			isa = PBXGroup;
			children = (
				84D44E2F2563F563009CA9DA /* NetworkService.swift */,
				84D44E322563F591009CA9DA /* JSONModel.swift */,
			);
			path = Data;
			sourceTree = "<group>";
		};
/* End PBXGroup section */

/* Begin PBXNativeTarget section */
		84D44E0F2563F493009CA9DA /* NewsFeed */ = {
			isa = PBXNativeTarget;
			buildConfigurationList = 84D44E1F2563F496009CA9DA /* Build configuration list for PBXNativeTarget "NewsFeed" */;
			buildPhases = (
				84D44E0C2563F493009CA9DA /* Sources */,
				84D44E0D2563F493009CA9DA /* Frameworks */,
				84D44E0E2563F493009CA9DA /* Resources */,
			);
			buildRules = (
			);
			dependencies = (
			);
			name = NewsFeed;
			productName = NewsFeed;
			productReference = 84D44E102563F493009CA9DA /* NewsFeed.app */;
			productType = "com.apple.product-type.application";
		};
/* End PBXNativeTarget section */

/* Begin PBXProject section */
		84D44E082563F493009CA9DA /* Project object */ = {
			isa = PBXProject;
			attributes = {
				LastSwiftUpdateCheck = 1210;
				LastUpgradeCheck = 1210;
				TargetAttributes = {
					84D44E0F2563F493009CA9DA = {
						CreatedOnToolsVersion = 12.1;
					};
				};
			};
			buildConfigurationList = 84D44E0B2563F493009CA9DA /* Build configuration list for PBXProject "NewsFeed" */;
			compatibilityVersion = "Xcode 9.3";
			developmentRegion = en;
			hasScannedForEncodings = 0;
			knownRegions = (
				en,
				Base,
			);
			mainGroup = 84D44E072563F493009CA9DA;
			productRefGroup = 84D44E112563F493009CA9DA /* Products */;
			projectDirPath = "";
			projectRoot = "";
			targets = (
				84D44E0F2563F493009CA9DA /* NewsFeed */,
			);
		};
/* End PBXProject section */

/* Begin PBXResourcesBuildPhase section */
		84D44E0E2563F493009CA9DA /* Resources */ = {
			isa = PBXResourcesBuildPhase;
			buildActionMask = 2147483647;
			files = (
				84D44E1B2563F496009CA9DA /* Preview Assets.xcassets in Resources */,
				84D44E182563F496009CA9DA /* Assets.xcassets in Resources */,
			);
			runOnlyForDeploymentPostprocessing = 0;
		};
/* End PBXResourcesBuildPhase section */

/* Begin PBXSourcesBuildPhase section */
		84D44E0C2563F493009CA9DA /* Sources */ = {
			isa = PBXSourcesBuildPhase;
			buildActionMask = 2147483647;
			files = (
				84D44E2A2563F527009CA9DA /* ViewModel.swift in Sources */,
				84D44E162563F493009CA9DA /* ContentView.swift in Sources */,
				84D44E2D2563F548009CA9DA /* ListViewModel.swift in Sources */,
				84D44E242563F4E0009CA9DA /* NewsRow.swift in Sources */,
				84D44E272563F503009CA9DA /* NewsDetailed.swift in Sources */,
				84D44E332563F591009CA9DA /* JSONModel.swift in Sources */,
				84D44E142563F493009CA9DA /* NewsFeedApp.swift in Sources */,
				84D44E302563F563009CA9DA /* NetworkService.swift in Sources */,
			);
			runOnlyForDeploymentPostprocessing = 0;
		};
/* End PBXSourcesBuildPhase section */

/* Begin XCBuildConfiguration section */
		84D44E1D2563F496009CA9DA /* Debug */ = {
			isa = XCBuildConfiguration;
			buildSettings = {
				ALWAYS_SEARCH_USER_PATHS = NO;
				CLANG_ANALYZER_NONNULL = YES;
				CLANG_ANALYZER_NUMBER_OBJECT_CONVERSION = YES_AGGRESSIVE;
				CLANG_CXX_LANGUAGE_STANDARD = "gnu++14";
				CLANG_CXX_LIBRARY = "libc++";
				CLANG_ENABLE_MODULES = YES;
				CLANG_ENABLE_OBJC_ARC = YES;
				CLANG_ENABLE_OBJC_WEAK = YES;
				CLANG_WARN_BLOCK_CAPTURE_AUTORELEASING = YES;
				CLANG_WARN_BOOL_CONVERSION = YES;
				CLANG_WARN_COMMA = YES;
				CLANG_WARN_CONSTANT_CONVERSION = YES;
				CLANG_WARN_DEPRECATED_OBJC_IMPLEMENTATIONS = YES;
				CLANG_WARN_DIRECT_OBJC_ISA_USAGE = YES_ERROR;
				CLANG_WARN_DOCUMENTATION_COMMENTS = YES;
				CLANG_WARN_EMPTY_BODY = YES;
				CLANG_WARN_ENUM_CONVERSION = YES;
				CLANG_WARN_INFINITE_RECURSION = YES;
				CLANG_WARN_INT_CONVERSION = YES;
				CLANG_WARN_NON_LITERAL_NULL_CONVERSION = YES;
				CLANG_WARN_OBJC_IMPLICIT_RETAIN_SELF = YES;
				CLANG_WARN_OBJC_LITERAL_CONVERSION = YES;
				CLANG_WARN_OBJC_ROOT_CLASS = YES_ERROR;
				CLANG_WARN_QUOTED_INCLUDE_IN_FRAMEWORK_HEADER = YES;
				CLANG_WARN_RANGE_LOOP_ANALYSIS = YES;
				CLANG_WARN_STRICT_PROTOTYPES = YES;
				CLANG_WARN_SUSPICIOUS_MOVE = YES;
				CLANG_WARN_UNGUARDED_AVAILABILITY = YES_AGGRESSIVE;
				CLANG_WARN_UNREACHABLE_CODE = YES;
				CLANG_WARN__DUPLICATE_METHOD_MATCH = YES;
				COPY_PHASE_STRIP = NO;
				DEBUG_INFORMATION_FORMAT = dwarf;
				ENABLE_STRICT_OBJC_MSGSEND = YES;
				ENABLE_TESTABILITY = YES;
				GCC_C_LANGUAGE_STANDARD = gnu11;
				GCC_DYNAMIC_NO_PIC = NO;
				GCC_NO_COMMON_BLOCKS = YES;
				GCC_OPTIMIZATION_LEVEL = 0;
				GCC_PREPROCESSOR_DEFINITIONS = (
					"DEBUG=1",
					"$(inherited)",
				);
				GCC_WARN_64_TO_32_BIT_CONVERSION = YES;
				GCC_WARN_ABOUT_RETURN_TYPE = YES_ERROR;
				GCC_WARN_UNDECLARED_SELECTOR = YES;
				GCC_WARN_UNINITIALIZED_AUTOS = YES_AGGRESSIVE;
				GCC_WARN_UNUSED_FUNCTION = YES;
				GCC_WARN_UNUSED_VARIABLE = YES;
				IPHONEOS_DEPLOYMENT_TARGET = 14.1;
				MTL_ENABLE_DEBUG_INFO = INCLUDE_SOURCE;
				MTL_FAST_MATH = YES;
				ONLY_ACTIVE_ARCH = YES;
				SDKROOT = iphoneos;
				SWIFT_ACTIVE_COMPILATION_CONDITIONS = DEBUG;
				SWIFT_OPTIMIZATION_LEVEL = "-Onone";
			};
			name = Debug;
		};
		84D44E1E2563F496009CA9DA /* Release */ = {
			isa = XCBuildConfiguration;
			buildSettings = {
				ALWAYS_SEARCH_USER_PATHS = NO;
				CLANG_ANALYZER_NONNULL = YES;
				CLANG_ANALYZER_NUMBER_OBJECT_CONVERSION = YES_AGGRESSIVE;
				CLANG_CXX_LANGUAGE_STANDARD = "gnu++14";
				CLANG_CXX_LIBRARY = "libc++";
				CLANG_ENABLE_MODULES = YES;
				CLANG_ENABLE_OBJC_ARC = YES;
				CLANG_ENABLE_OBJC_WEAK = YES;
				CLANG_WARN_BLOCK_CAPTURE_AUTORELEASING = YES;
				CLANG_WARN_BOOL_CONVERSION = YES;
				CLANG_WARN_COMMA = YES;
				CLANG_WARN_CONSTANT_CONVERSION = YES;
				CLANG_WARN_DEPRECATED_OBJC_IMPLEMENTATIONS = YES;
				CLANG_WARN_DIRECT_OBJC_ISA_USAGE = YES_ERROR;
				CLANG_WARN_DOCUMENTATION_COMMENTS = YES;
				CLANG_WARN_EMPTY_BODY = YES;
				CLANG_WARN_ENUM_CONVERSION = YES;
				CLANG_WARN_INFINITE_RECURSION = YES;
				CLANG_WARN_INT_CONVERSION = YES;
				CLANG_WARN_NON_LITERAL_NULL_CONVERSION = YES;
				CLANG_WARN_OBJC_IMPLICIT_RETAIN_SELF = YES;
				CLANG_WARN_OBJC_LITERAL_CONVERSION = YES;
				CLANG_WARN_OBJC_ROOT_CLASS = YES_ERROR;
				CLANG_WARN_QUOTED_INCLUDE_IN_FRAMEWORK_HEADER = YES;
				CLANG_WARN_RANGE_LOOP_ANALYSIS = YES;
				CLANG_WARN_STRICT_PROTOTYPES = YES;
				CLANG_WARN_SUSPICIOUS_MOVE = YES;
				CLANG_WARN_UNGUARDED_AVAILABILITY = YES_AGGRESSIVE;
				CLANG_WARN_UNREACHABLE_CODE = YES;
				CLANG_WARN__DUPLICATE_METHOD_MATCH = YES;
				COPY_PHASE_STRIP = NO;
				DEBUG_INFORMATION_FORMAT = "dwarf-with-dsym";
				ENABLE_NS_ASSERTIONS = NO;
				ENABLE_STRICT_OBJC_MSGSEND = YES;
				GCC_C_LANGUAGE_STANDARD = gnu11;
				GCC_NO_COMMON_BLOCKS = YES;
				GCC_WARN_64_TO_32_BIT_CONVERSION = YES;
				GCC_WARN_ABOUT_RETURN_TYPE = YES_ERROR;
				GCC_WARN_UNDECLARED_SELECTOR = YES;
				GCC_WARN_UNINITIALIZED_AUTOS = YES_AGGRESSIVE;
				GCC_WARN_UNUSED_FUNCTION = YES;
				GCC_WARN_UNUSED_VARIABLE = YES;
				IPHONEOS_DEPLOYMENT_TARGET = 14.1;
				MTL_ENABLE_DEBUG_INFO = NO;
				MTL_FAST_MATH = YES;
				SDKROOT = iphoneos;
				SWIFT_COMPILATION_MODE = wholemodule;
				SWIFT_OPTIMIZATION_LEVEL = "-O";
				VALIDATE_PRODUCT = YES;
			};
			name = Release;
		};
		84D44E202563F496009CA9DA /* Debug */ = {
			isa = XCBuildConfiguration;
			buildSettings = {
				ASSETCATALOG_COMPILER_APPICON_NAME = AppIcon;
				ASSETCATALOG_COMPILER_GLOBAL_ACCENT_COLOR_NAME = AccentColor;
				CODE_SIGN_STYLE = Automatic;
				DEVELOPMENT_ASSET_PATHS = "\"NewsFeed/Preview Content\"";
				DEVELOPMENT_TEAM = WZ6RX2T84D;
				ENABLE_PREVIEWS = YES;
				INFOPLIST_FILE = NewsFeed/Info.plist;
				IPHONEOS_DEPLOYMENT_TARGET = 14.0;
				LD_RUNPATH_SEARCH_PATHS = (
					"$(inherited)",
					"@executable_path/Frameworks",
				);
				PRODUCT_BUNDLE_IDENTIFIER = EvgenyEzub.NewsFeed;
				PRODUCT_NAME = "$(TARGET_NAME)";
				SWIFT_VERSION = 5.0;
				TARGETED_DEVICE_FAMILY = "1,2";
			};
			name = Debug;
		};
		84D44E212563F496009CA9DA /* Release */ = {
			isa = XCBuildConfiguration;
			buildSettings = {
				ASSETCATALOG_COMPILER_APPICON_NAME = AppIcon;
				ASSETCATALOG_COMPILER_GLOBAL_ACCENT_COLOR_NAME = AccentColor;
				CODE_SIGN_STYLE = Automatic;
				DEVELOPMENT_ASSET_PATHS = "\"NewsFeed/Preview Content\"";
				DEVELOPMENT_TEAM = WZ6RX2T84D;
				ENABLE_PREVIEWS = YES;
				INFOPLIST_FILE = NewsFeed/Info.plist;
				IPHONEOS_DEPLOYMENT_TARGET = 14.0;
				LD_RUNPATH_SEARCH_PATHS = (
					"$(inherited)",
					"@executable_path/Frameworks",
				);
				PRODUCT_BUNDLE_IDENTIFIER = EvgenyEzub.NewsFeed;
				PRODUCT_NAME = "$(TARGET_NAME)";
				SWIFT_VERSION = 5.0;
				TARGETED_DEVICE_FAMILY = "1,2";
			};
			name = Release;
		};
/* End XCBuildConfiguration section */

/* Begin XCConfigurationList section */
		84D44E0B2563F493009CA9DA /* Build configuration list for PBXProject "NewsFeed" */ = {
			isa = XCConfigurationList;
			buildConfigurations = (
				84D44E1D2563F496009CA9DA /* Debug */,
				84D44E1E2563F496009CA9DA /* Release */,
			);
			defaultConfigurationIsVisible = 0;
			defaultConfigurationName = Release;
		};
		84D44E1F2563F496009CA9DA /* Build configuration list for PBXNativeTarget "NewsFeed" */ = {
			isa = XCConfigurationList;
			buildConfigurations = (
				84D44E202563F496009CA9DA /* Debug */,
				84D44E212563F496009CA9DA /* Release */,
			);
			defaultConfigurationIsVisible = 0;
			defaultConfigurationName = Release;
		};
/* End XCConfigurationList section */
	};
	rootObject = 84D44E082563F493009CA9DA /* Project object */;
}
